
Microsoft Visual Studio Solution File, Format Version 12.00
# Visual Studio Version 17
VisualStudioVersion = 17.8.34511.84
MinimumVisualStudioVersion = 10.0.40219.1
Project("{FAE04EC0-301F-11D3-BF4B-00C04F79EFBC}") = "NuGetTest", "NuGetTest\NuGetTest.csproj", "{065C2333-CA73-4ABF-A3E1-749C45BC1EDD}"
EndProject
Global
	GlobalSection(SolutionConfigurationPlatforms) = preSolution
		Debug|Any CPU = Debug|Any CPU
		Release|Any CPU = Release|Any CPU
	EndGlobalSection
	GlobalSection(ProjectConfigurationPlatforms) = postSolution
		{065C2333-CA73-4ABF-A3E1-749C45BC1EDD}.Debug|Any CPU.ActiveCfg = Debug|Any CPU
		{065C2333-CA73-4ABF-A3E1-749C45BC1EDD}.Debug|Any CPU.Build.0 = Debug|Any CPU
		{065C2333-CA73-4ABF-A3E1-749C45BC1EDD}.Release|Any CPU.ActiveCfg = Release|Any CPU
		{065C2333-CA73-4ABF-A3E1-749C45BC1EDD}.Release|Any CPU.Build.0 = Release|Any CPU
	EndGlobalSection
	GlobalSection(SolutionProperties) = preSolution
		HideSolutionNode = FALSE
	EndGlobalSection
	GlobalSection(ExtensibilityGlobals) = postSolution
		SolutionGuid = {0C8AC73A-C9C5-471B-BDC6-C5EEE7D37417}
	EndGlobalSection
EndGlobal
